
Microsoft Visual Studio Solution File, Format Version 12.00
# Visual Studio Version 16
VisualStudioVersion = 16.0.29009.5
MinimumVisualStudioVersion = 10.0.40219.1
Project("{FAE04EC0-301F-11D3-BF4B-00C04F79EFBC}") = "Git-Pack", "Git-Pack\Git-Pack.csproj", "{FBCB4E68-C414-476E-8A9E-F2F2D8990B00}"
EndProject
Global
	GlobalSection(SolutionConfigurationPlatforms) = preSolution
		Debug|Any CPU = Debug|Any CPU
		Release|Any CPU = Release|Any CPU
	EndGlobalSection
	GlobalSection(ProjectConfigurationPlatforms) = postSolution
		{FBCB4E68-C414-476E-8A9E-F2F2D8990B00}.Debug|Any CPU.ActiveCfg = Debug|Any CPU
		{FBCB4E68-C414-476E-8A9E-F2F2D8990B00}.Debug|Any CPU.Build.0 = Debug|Any CPU
		{FBCB4E68-C414-476E-8A9E-F2F2D8990B00}.Release|Any CPU.ActiveCfg = Release|Any CPU
		{FBCB4E68-C414-476E-8A9E-F2F2D8990B00}.Release|Any CPU.Build.0 = Release|Any CPU
	EndGlobalSection
	GlobalSection(SolutionProperties) = preSolution
		HideSolutionNode = FALSE
	EndGlobalSection
	GlobalSection(ExtensibilityGlobals) = postSolution
		SolutionGuid = {A56944B6-A0F1-4370-9B69-A58D3525AB27}
	EndGlobalSection
EndGlobal
